
Microsoft Visual Studio Solution File, Format Version 12.00
# Visual Studio Version 17
VisualStudioVersion = 17.13.35825.156
MinimumVisualStudioVersion = 10.0.40219.1
Project("{FAE04EC0-301F-11D3-BF4B-00C04F79EFBC}") = "Cfex", "Cfex.csproj", "{344E987E-5E04-4DBD-881D-BAB40EBE05E2}"
EndProject
Project("{FAE04EC0-301F-11D3-BF4B-00C04F79EFBC}") = "de4dot.blocks", "..\de4dot.blocks\de4dot.blocks.csproj", "{523E7CBF-B54B-4342-A885-94118AC14C1C}"
EndProject
Project("{FAE04EC0-301F-11D3-BF4B-00C04F79EFBC}") = "dnlib", "..\dnlib\dnlib.csproj", "{B0CBDAC9-3BE1-4455-8E63-6E9921508623}"
EndProject
Global
	GlobalSection(SolutionConfigurationPlatforms) = preSolution
		Debug|Any CPU = Debug|Any CPU
		Release|Any CPU = Release|Any CPU
	EndGlobalSection
	GlobalSection(ProjectConfigurationPlatforms) = postSolution
		{344E987E-5E04-4DBD-881D-BAB40EBE05E2}.Debug|Any CPU.ActiveCfg = Debug|Any CPU
		{344E987E-5E04-4DBD-881D-BAB40EBE05E2}.Debug|Any CPU.Build.0 = Debug|Any CPU
		{344E987E-5E04-4DBD-881D-BAB40EBE05E2}.Release|Any CPU.ActiveCfg = Release|Any CPU
		{344E987E-5E04-4DBD-881D-BAB40EBE05E2}.Release|Any CPU.Build.0 = Release|Any CPU
		{523E7CBF-B54B-4342-A885-94118AC14C1C}.Debug|Any CPU.ActiveCfg = Debug|Any CPU
		{523E7CBF-B54B-4342-A885-94118AC14C1C}.Debug|Any CPU.Build.0 = Debug|Any CPU
		{523E7CBF-B54B-4342-A885-94118AC14C1C}.Release|Any CPU.ActiveCfg = Release|Any CPU
		{523E7CBF-B54B-4342-A885-94118AC14C1C}.Release|Any CPU.Build.0 = Release|Any CPU
		{B0CBDAC9-3BE1-4455-8E63-6E9921508623}.Debug|Any CPU.ActiveCfg = Debug|Any CPU
		{B0CBDAC9-3BE1-4455-8E63-6E9921508623}.Debug|Any CPU.Build.0 = Debug|Any CPU
		{B0CBDAC9-3BE1-4455-8E63-6E9921508623}.Release|Any CPU.ActiveCfg = Release|Any CPU
		{B0CBDAC9-3BE1-4455-8E63-6E9921508623}.Release|Any CPU.Build.0 = Release|Any CPU
	EndGlobalSection
	GlobalSection(SolutionProperties) = preSolution
		HideSolutionNode = FALSE
	EndGlobalSection
	GlobalSection(ExtensibilityGlobals) = postSolution
		SolutionGuid = {7FE3D756-97FE-43C5-A4B6-86BB0847F694}
	EndGlobalSection
EndGlobal
